PODS:
  - KGKeyboardChangeManager (0.0.3)

DEPENDENCIES:
  - KGKeyboardChangeManager (from `https://github.com/Speedy-Cat/KGKeyboardChangeManager.git`)

EXTERNAL SOURCES:
  KGKeyboardChangeManager:
    :git: https://github.com/Speedy-Cat/KGKeyboardChangeManager.git

CHECKOUT OPTIONS:
  KGKeyboardChangeManager:
    :commit: 3f43a44545f7b4d25983f05817d2aa350fb8ff7d
    :git: https://github.com/Speedy-Cat/KGKeyboardChangeManager.git

SPEC CHECKSUMS:
  KGKeyboardChangeManager: 122f900e34e530e7f4f55a2753f6245d1bdc2c7c

PODFILE CHECKSUM: 5d3267bd60481e6f13a776edec9065b7ba7259c8

COCOAPODS: 1.1.1
