PODS:
  - KGKeyboardChangeManager (0.0.2)

DEPENDENCIES:
  - KGKeyboardChangeManager (from `~/Sites/KGKeyboardChangeManager`)

EXTERNAL SOURCES:
  KGKeyboardChangeManager:
    :path: ~/Sites/KGKeyboardChangeManager

SPEC CHECKSUMS:
  KGKeyboardChangeManager: 9165e77b36d0f7d896a0747e0d2564f7d4d1b8c4

COCOAPODS: 0.39.0.rc.1
